
Microsoft Visual Studio Solution File, Format Version 12.00
# Visual Studio 15
VisualStudioVersion = 15.0.26124.0
MinimumVisualStudioVersion = 15.0.26124.0
Project("{2150E333-8FDC-42A3-9474-1A3956D46DE8}") = "src", "src", "{3E16839E-AC6D-45CC-ABCF-03BBAD545FE0}"
EndProject
Project("{FAE04EC0-301F-11D3-BF4B-00C04F79EFBC}") = "LiGet", "src\LiGet\LiGet.csproj", "{F5F22B14-836E-454F-B70E-FD2961B31964}"
EndProject
Project("{2150E333-8FDC-42A3-9474-1A3956D46DE8}") = "tests", "tests", "{175B0E3E-D90C-4101-8631-7C01C945DCD6}"
EndProject
Project("{FAE04EC0-301F-11D3-BF4B-00C04F79EFBC}") = "LiGet.Tests", "tests\LiGet.Tests\LiGet.Tests.csproj", "{ADD3633E-E84B-4E66-9453-94D42AB2A584}"
EndProject
Global
	GlobalSection(SolutionConfigurationPlatforms) = preSolution
		Debug|Any CPU = Debug|Any CPU
		Debug|x64 = Debug|x64
		Debug|x86 = Debug|x86
		Release|Any CPU = Release|Any CPU
		Release|x64 = Release|x64
		Release|x86 = Release|x86
	EndGlobalSection
	GlobalSection(SolutionProperties) = preSolution
		HideSolutionNode = FALSE
	EndGlobalSection
	GlobalSection(ProjectConfigurationPlatforms) = postSolution
		{F5F22B14-836E-454F-B70E-FD2961B31964}.Debug|Any CPU.ActiveCfg = Debug|Any CPU
		{F5F22B14-836E-454F-B70E-FD2961B31964}.Debug|Any CPU.Build.0 = Debug|Any CPU
		{F5F22B14-836E-454F-B70E-FD2961B31964}.Debug|x64.ActiveCfg = Debug|Any CPU
		{F5F22B14-836E-454F-B70E-FD2961B31964}.Debug|x64.Build.0 = Debug|Any CPU
		{F5F22B14-836E-454F-B70E-FD2961B31964}.Debug|x86.ActiveCfg = Debug|Any CPU
		{F5F22B14-836E-454F-B70E-FD2961B31964}.Debug|x86.Build.0 = Debug|Any CPU
		{F5F22B14-836E-454F-B70E-FD2961B31964}.Release|Any CPU.ActiveCfg = Release|Any CPU
		{F5F22B14-836E-454F-B70E-FD2961B31964}.Release|Any CPU.Build.0 = Release|Any CPU
		{F5F22B14-836E-454F-B70E-FD2961B31964}.Release|x64.ActiveCfg = Release|Any CPU
		{F5F22B14-836E-454F-B70E-FD2961B31964}.Release|x64.Build.0 = Release|Any CPU
		{F5F22B14-836E-454F-B70E-FD2961B31964}.Release|x86.ActiveCfg = Release|Any CPU
		{F5F22B14-836E-454F-B70E-FD2961B31964}.Release|x86.Build.0 = Release|Any CPU
		{ADD3633E-E84B-4E66-9453-94D42AB2A584}.Debug|Any CPU.ActiveCfg = Debug|Any CPU
		{ADD3633E-E84B-4E66-9453-94D42AB2A584}.Debug|Any CPU.Build.0 = Debug|Any CPU
		{ADD3633E-E84B-4E66-9453-94D42AB2A584}.Debug|x64.ActiveCfg = Debug|Any CPU
		{ADD3633E-E84B-4E66-9453-94D42AB2A584}.Debug|x64.Build.0 = Debug|Any CPU
		{ADD3633E-E84B-4E66-9453-94D42AB2A584}.Debug|x86.ActiveCfg = Debug|Any CPU
		{ADD3633E-E84B-4E66-9453-94D42AB2A584}.Debug|x86.Build.0 = Debug|Any CPU
		{ADD3633E-E84B-4E66-9453-94D42AB2A584}.Release|Any CPU.ActiveCfg = Release|Any CPU
		{ADD3633E-E84B-4E66-9453-94D42AB2A584}.Release|Any CPU.Build.0 = Release|Any CPU
		{ADD3633E-E84B-4E66-9453-94D42AB2A584}.Release|x64.ActiveCfg = Release|Any CPU
		{ADD3633E-E84B-4E66-9453-94D42AB2A584}.Release|x64.Build.0 = Release|Any CPU
		{ADD3633E-E84B-4E66-9453-94D42AB2A584}.Release|x86.ActiveCfg = Release|Any CPU
		{ADD3633E-E84B-4E66-9453-94D42AB2A584}.Release|x86.Build.0 = Release|Any CPU
	EndGlobalSection
	GlobalSection(NestedProjects) = preSolution
		{F5F22B14-836E-454F-B70E-FD2961B31964} = {3E16839E-AC6D-45CC-ABCF-03BBAD545FE0}
		{ADD3633E-E84B-4E66-9453-94D42AB2A584} = {175B0E3E-D90C-4101-8631-7C01C945DCD6}
	EndGlobalSection
EndGlobal
